
Microsoft Visual Studio Solution File, Format Version 12.00
# Visual Studio 14
VisualStudioVersion = 14.0.25420.1
MinimumVisualStudioVersion = 10.0.40219.1
Project("{FAE04EC0-301F-11D3-BF4B-00C04F79EFBC}") = "DDD.Domain", "DDD.Domain\DDD.Domain.csproj", "{160349BB-69A8-4989-9F73-56EB5BE0DA5C}"
EndProject
Project("{FAE04EC0-301F-11D3-BF4B-00C04F79EFBC}") = "DDD.Infra", "DDD.Infra\DDD.Infra.csproj", "{F09372AD-5A48-4017-A2A0-8F4C07AFCA74}"
EndProject
Project("{FAE04EC0-301F-11D3-BF4B-00C04F79EFBC}") = "DDD.Application", "DDD.Application\DDD.Application.csproj", "{8178E1A1-1537-44D5-93BF-D1A79215BEA6}"
EndProject
Project("{FAE04EC0-301F-11D3-BF4B-00C04F79EFBC}") = "DDD.DTO", "DDD.DTO\DDD.DTO.csproj", "{E3FE054F-7172-4914-8042-400786FDDFAD}"
EndProject
Project("{FAE04EC0-301F-11D3-BF4B-00C04F79EFBC}") = "DDD.Web", "DDD.Web\DDD.Web.csproj", "{5F3ECD14-93C4-4CD5-92D0-CF4EDA0CB372}"
EndProject
Project("{FAE04EC0-301F-11D3-BF4B-00C04F79EFBC}") = "DDD", "DDD\DDD.csproj", "{85DCA8B4-CF42-4AA6-9C13-B57763538E2D}"
EndProject
Global
	GlobalSection(SolutionConfigurationPlatforms) = preSolution
		Debug|Any CPU = Debug|Any CPU
		Release|Any CPU = Release|Any CPU
	EndGlobalSection
	GlobalSection(ProjectConfigurationPlatforms) = postSolution
		{160349BB-69A8-4989-9F73-56EB5BE0DA5C}.Debug|Any CPU.ActiveCfg = Debug|Any CPU
		{160349BB-69A8-4989-9F73-56EB5BE0DA5C}.Debug|Any CPU.Build.0 = Debug|Any CPU
		{160349BB-69A8-4989-9F73-56EB5BE0DA5C}.Release|Any CPU.ActiveCfg = Release|Any CPU
		{160349BB-69A8-4989-9F73-56EB5BE0DA5C}.Release|Any CPU.Build.0 = Release|Any CPU
		{F09372AD-5A48-4017-A2A0-8F4C07AFCA74}.Debug|Any CPU.ActiveCfg = Debug|Any CPU
		{F09372AD-5A48-4017-A2A0-8F4C07AFCA74}.Debug|Any CPU.Build.0 = Debug|Any CPU
		{F09372AD-5A48-4017-A2A0-8F4C07AFCA74}.Release|Any CPU.ActiveCfg = Release|Any CPU
		{F09372AD-5A48-4017-A2A0-8F4C07AFCA74}.Release|Any CPU.Build.0 = Release|Any CPU
		{8178E1A1-1537-44D5-93BF-D1A79215BEA6}.Debug|Any CPU.ActiveCfg = Debug|Any CPU
		{8178E1A1-1537-44D5-93BF-D1A79215BEA6}.Debug|Any CPU.Build.0 = Debug|Any CPU
		{8178E1A1-1537-44D5-93BF-D1A79215BEA6}.Release|Any CPU.ActiveCfg = Release|Any CPU
		{8178E1A1-1537-44D5-93BF-D1A79215BEA6}.Release|Any CPU.Build.0 = Release|Any CPU
		{E3FE054F-7172-4914-8042-400786FDDFAD}.Debug|Any CPU.ActiveCfg = Debug|Any CPU
		{E3FE054F-7172-4914-8042-400786FDDFAD}.Debug|Any CPU.Build.0 = Debug|Any CPU
		{E3FE054F-7172-4914-8042-400786FDDFAD}.Release|Any CPU.ActiveCfg = Release|Any CPU
		{E3FE054F-7172-4914-8042-400786FDDFAD}.Release|Any CPU.Build.0 = Release|Any CPU
		{5F3ECD14-93C4-4CD5-92D0-CF4EDA0CB372}.Debug|Any CPU.ActiveCfg = Debug|Any CPU
		{5F3ECD14-93C4-4CD5-92D0-CF4EDA0CB372}.Debug|Any CPU.Build.0 = Debug|Any CPU
		{5F3ECD14-93C4-4CD5-92D0-CF4EDA0CB372}.Release|Any CPU.ActiveCfg = Release|Any CPU
		{5F3ECD14-93C4-4CD5-92D0-CF4EDA0CB372}.Release|Any CPU.Build.0 = Release|Any CPU
		{85DCA8B4-CF42-4AA6-9C13-B57763538E2D}.Debug|Any CPU.ActiveCfg = Debug|Any CPU
		{85DCA8B4-CF42-4AA6-9C13-B57763538E2D}.Debug|Any CPU.Build.0 = Debug|Any CPU
		{85DCA8B4-CF42-4AA6-9C13-B57763538E2D}.Release|Any CPU.ActiveCfg = Release|Any CPU
		{85DCA8B4-CF42-4AA6-9C13-B57763538E2D}.Release|Any CPU.Build.0 = Release|Any CPU
	EndGlobalSection
	GlobalSection(SolutionProperties) = preSolution
		HideSolutionNode = FALSE
	EndGlobalSection
EndGlobal
